
Microsoft Visual Studio Solution File, Format Version 12.00
# Visual Studio Version 16
VisualStudioVersion = 16.0.29424.173
MinimumVisualStudioVersion = 10.0.40219.1
Project("{FAE04EC0-301F-11D3-BF4B-00C04F79EFBC}") = "BetterRCON", "BetterRCON.csproj", "{56AACCB2-2C43-413B-B179-BF4CFACF8A00}"
EndProject
Global
	GlobalSection(SolutionConfigurationPlatforms) = preSolution
		Debug|Any CPU = Debug|Any CPU
		Release|Any CPU = Release|Any CPU
	EndGlobalSection
	GlobalSection(ProjectConfigurationPlatforms) = postSolution
		{56AACCB2-2C43-413B-B179-BF4CFACF8A00}.Debug|Any CPU.ActiveCfg = Debug|Any CPU
		{56AACCB2-2C43-413B-B179-BF4CFACF8A00}.Debug|Any CPU.Build.0 = Debug|Any CPU
		{56AACCB2-2C43-413B-B179-BF4CFACF8A00}.Release|Any CPU.ActiveCfg = Release|Any CPU
		{56AACCB2-2C43-413B-B179-BF4CFACF8A00}.Release|Any CPU.Build.0 = Release|Any CPU
	EndGlobalSection
	GlobalSection(SolutionProperties) = preSolution
		HideSolutionNode = FALSE
	EndGlobalSection
	GlobalSection(ExtensibilityGlobals) = postSolution
		SolutionGuid = {1C790064-A3D1-4CCC-B4F0-C91DC1F4081C}
	EndGlobalSection
EndGlobal
